
Microsoft Visual Studio Solution File, Format Version 11.00
# Visual Studio 2010
Project("{FAE04EC0-301F-11D3-BF4B-00C04F79EFBC}") = "Assembly-CSharp", "Assembly-CSharp.csproj", "{6551312B-2DF4-96A9-F376-049FDC382FA2}"
EndProject
Project("{FAE04EC0-301F-11D3-BF4B-00C04F79EFBC}") = "Assembly-CSharp-firstpass", "Assembly-CSharp-firstpass.csproj", "{6C7D7094-CE2F-69D2-2784-73B7C0B20018}"
EndProject
Project("{FAE04EC0-301F-11D3-BF4B-00C04F79EFBC}") = "Assembly-CSharp-Editor-firstpass", "Assembly-CSharp-Editor-firstpass.csproj", "{A580D017-DCA3-6190-AFBD-9BCCA1A1C830}"
EndProject
Global
	GlobalSection(SolutionConfigurationPlatforms) = preSolution
		Debug|Any CPU = Debug|Any CPU
		Release|Any CPU = Release|Any CPU
	EndGlobalSection
	GlobalSection(ProjectConfigurationPlatforms) = postSolution
		{6551312B-2DF4-96A9-F376-049FDC382FA2}.Debug|Any CPU.ActiveCfg = Debug|Any CPU
		{6551312B-2DF4-96A9-F376-049FDC382FA2}.Debug|Any CPU.Build.0 = Debug|Any CPU
		{6551312B-2DF4-96A9-F376-049FDC382FA2}.Release|Any CPU.ActiveCfg = Release|Any CPU
		{6551312B-2DF4-96A9-F376-049FDC382FA2}.Release|Any CPU.Build.0 = Release|Any CPU
		{6C7D7094-CE2F-69D2-2784-73B7C0B20018}.Debug|Any CPU.ActiveCfg = Debug|Any CPU
		{6C7D7094-CE2F-69D2-2784-73B7C0B20018}.Debug|Any CPU.Build.0 = Debug|Any CPU
		{6C7D7094-CE2F-69D2-2784-73B7C0B20018}.Release|Any CPU.ActiveCfg = Release|Any CPU
		{6C7D7094-CE2F-69D2-2784-73B7C0B20018}.Release|Any CPU.Build.0 = Release|Any CPU
		{A580D017-DCA3-6190-AFBD-9BCCA1A1C830}.Debug|Any CPU.ActiveCfg = Debug|Any CPU
		{A580D017-DCA3-6190-AFBD-9BCCA1A1C830}.Debug|Any CPU.Build.0 = Debug|Any CPU
		{A580D017-DCA3-6190-AFBD-9BCCA1A1C830}.Release|Any CPU.ActiveCfg = Release|Any CPU
		{A580D017-DCA3-6190-AFBD-9BCCA1A1C830}.Release|Any CPU.Build.0 = Release|Any CPU
	EndGlobalSection
	GlobalSection(SolutionProperties) = preSolution
		HideSolutionNode = FALSE
	EndGlobalSection
EndGlobal
